// !$*UTF8*$!
{
	archiveVersion = 1;
	classes = {
	};
	objectVersion = 51;
	objects = {

/* Begin PBXBuildFile section */
		1514286C22D7AC8B004E7083 /* MultiSelectSegmentedControl.swift in Sources */ = {isa = PBXBuildFile; fileRef = 1514286B22D7AC8B004E7083 /* MultiSelectSegmentedControl.swift */; };
		1560D2F222D723FB0022C4EA /* ItemTableView.swift in Sources */ = {isa = PBXBuildFile; fileRef = 1560D2F122D723FB0022C4EA /* ItemTableView.swift */; };
		1560D2F422D724930022C4EA /* ReceiptItem.swift in Sources */ = {isa = PBXBuildFile; fileRef = 1560D2F322D724930022C4EA /* ReceiptItem.swift */; };
		1560D2F622D729550022C4EA /* ItemTableCell.swift in Sources */ = {isa = PBXBuildFile; fileRef = 1560D2F522D729550022C4EA /* ItemTableCell.swift */; };
		15E9EAC822DCDD2E00A66E59 /* DebtsView.swift in Sources */ = {isa = PBXBuildFile; fileRef = 15E9EAC722DCDD2E00A66E59 /* DebtsView.swift */; };
		8AC0CC9FF0D0B4B29C68DC69 /* Pods_CollectApp.framework in Frameworks */ = {isa = PBXBuildFile; fileRef = AA86970B8029086C4F1472DE /* Pods_CollectApp.framework */; };
		ED9D261722CBF8C20031EE2B /* AppDelegate.swift in Sources */ = {isa = PBXBuildFile; fileRef = ED9D261622CBF8C20031EE2B /* AppDelegate.swift */; };
		ED9D261922CBF8C20031EE2B /* ViewController.swift in Sources */ = {isa = PBXBuildFile; fileRef = ED9D261822CBF8C20031EE2B /* ViewController.swift */; };
		ED9D261C22CBF8C20031EE2B /* Main.storyboard in Resources */ = {isa = PBXBuildFile; fileRef = ED9D261A22CBF8C20031EE2B /* Main.storyboard */; };
		ED9D261E22CBF8C40031EE2B /* Assets.xcassets in Resources */ = {isa = PBXBuildFile; fileRef = ED9D261D22CBF8C40031EE2B /* Assets.xcassets */; };
		ED9D262122CBF8C40031EE2B /* LaunchScreen.storyboard in Resources */ = {isa = PBXBuildFile; fileRef = ED9D261F22CBF8C40031EE2B /* LaunchScreen.storyboard */; };
		ED9D262C22CBF8C40031EE2B /* CollectAppTests.swift in Sources */ = {isa = PBXBuildFile; fileRef = ED9D262B22CBF8C40031EE2B /* CollectAppTests.swift */; };
		ED9D263722CBF8C50031EE2B /* CollectAppUITests.swift in Sources */ = {isa = PBXBuildFile; fileRef = ED9D263622CBF8C50031EE2B /* CollectAppUITests.swift */; };
/* End PBXBuildFile section */

/* Begin PBXContainerItemProxy section */
		ED9D262822CBF8C40031EE2B /* PBXContainerItemProxy */ = {
			isa = PBXContainerItemProxy;
			containerPortal = ED9D260B22CBF8C20031EE2B /* Project object */;
			proxyType = 1;
			remoteGlobalIDString = ED9D261222CBF8C20031EE2B;
			remoteInfo = CollectApp;
		};
		ED9D263322CBF8C50031EE2B /* PBXContainerItemProxy */ = {
			isa = PBXContainerItemProxy;
			containerPortal = ED9D260B22CBF8C20031EE2B /* Project object */;
			proxyType = 1;
			remoteGlobalIDString = ED9D261222CBF8C20031EE2B;
			remoteInfo = CollectApp;
		};
/* End PBXContainerItemProxy section */

/* Begin PBXFileReference section */
		1514286B22D7AC8B004E7083 /* MultiSelectSegmentedControl.swift */ = {isa = PBXFileReference; lastKnownFileType = sourcecode.swift; path = MultiSelectSegmentedControl.swift; sourceTree = "<group>"; };
		1560D2F122D723FB0022C4EA /* ItemTableView.swift */ = {isa = PBXFileReference; lastKnownFileType = sourcecode.swift; path = ItemTableView.swift; sourceTree = "<group>"; };
		1560D2F322D724930022C4EA /* ReceiptItem.swift */ = {isa = PBXFileReference; lastKnownFileType = sourcecode.swift; path = ReceiptItem.swift; sourceTree = "<group>"; };
		1560D2F522D729550022C4EA /* ItemTableCell.swift */ = {isa = PBXFileReference; lastKnownFileType = sourcecode.swift; path = ItemTableCell.swift; sourceTree = "<group>"; };
		15E9EAC722DCDD2E00A66E59 /* DebtsView.swift */ = {isa = PBXFileReference; lastKnownFileType = sourcecode.swift; path = DebtsView.swift; sourceTree = "<group>"; };
		5D6C57E8884961967DF3E20D /* Pods-CollectApp.release.xcconfig */ = {isa = PBXFileReference; includeInIndex = 1; lastKnownFileType = text.xcconfig; name = "Pods-CollectApp.release.xcconfig"; path = "Target Support Files/Pods-CollectApp/Pods-CollectApp.release.xcconfig"; sourceTree = "<group>"; };
		6B72DF2B8EAD7D72D8A0C7E6 /* Pods-CollectApp.debug.xcconfig */ = {isa = PBXFileReference; includeInIndex = 1; lastKnownFileType = text.xcconfig; name = "Pods-CollectApp.debug.xcconfig"; path = "Target Support Files/Pods-CollectApp/Pods-CollectApp.debug.xcconfig"; sourceTree = "<group>"; };
		AA86970B8029086C4F1472DE /* Pods_CollectApp.framework */ = {isa = PBXFileReference; explicitFileType = wrapper.framework; includeInIndex = 0; path = Pods_CollectApp.framework; sourceTree = BUILT_PRODUCTS_DIR; };
		ED9D261322CBF8C20031EE2B /* CollectApp.app */ = {isa = PBXFileReference; explicitFileType = wrapper.application; includeInIndex = 0; path = CollectApp.app; sourceTree = BUILT_PRODUCTS_DIR; };
		ED9D261622CBF8C20031EE2B /* AppDelegate.swift */ = {isa = PBXFileReference; lastKnownFileType = sourcecode.swift; path = AppDelegate.swift; sourceTree = "<group>"; };
		ED9D261822CBF8C20031EE2B /* ViewController.swift */ = {isa = PBXFileReference; lastKnownFileType = sourcecode.swift; path = ViewController.swift; sourceTree = "<group>"; };
		ED9D261B22CBF8C20031EE2B /* Base */ = {isa = PBXFileReference; lastKnownFileType = file.storyboard; name = Base; path = Base.lproj/Main.storyboard; sourceTree = "<group>"; };
		ED9D261D22CBF8C40031EE2B /* Assets.xcassets */ = {isa = PBXFileReference; lastKnownFileType = folder.assetcatalog; path = Assets.xcassets; sourceTree = "<group>"; };
		ED9D262022CBF8C40031EE2B /* Base */ = {isa = PBXFileReference; lastKnownFileType = file.storyboard; name = Base; path = Base.lproj/LaunchScreen.storyboard; sourceTree = "<group>"; };
		ED9D262222CBF8C40031EE2B /* Info.plist */ = {isa = PBXFileReference; lastKnownFileType = text.plist.xml; path = Info.plist; sourceTree = "<group>"; };
		ED9D262722CBF8C40031EE2B /* CollectAppTests.xctest */ = {isa = PBXFileReference; explicitFileType = wrapper.cfbundle; includeInIndex = 0; path = CollectAppTests.xctest; sourceTree = BUILT_PRODUCTS_DIR; };
		ED9D262B22CBF8C40031EE2B /* CollectAppTests.swift */ = {isa = PBXFileReference; lastKnownFileType = sourcecode.swift; path = CollectAppTests.swift; sourceTree = "<group>"; };
		ED9D262D22CBF8C40031EE2B /* Info.plist */ = {isa = PBXFileReference; lastKnownFileType = text.plist.xml; path = Info.plist; sourceTree = "<group>"; };
		ED9D263222CBF8C50031EE2B /* CollectAppUITests.xctest */ = {isa = PBXFileReference; explicitFileType = wrapper.cfbundle; includeInIndex = 0; path = CollectAppUITests.xctest; sourceTree = BUILT_PRODUCTS_DIR; };
		ED9D263622CBF8C50031EE2B /* CollectAppUITests.swift */ = {isa = PBXFileReference; lastKnownFileType = sourcecode.swift; path = CollectAppUITests.swift; sourceTree = "<group>"; };
		ED9D263822CBF8C50031EE2B /* Info.plist */ = {isa = PBXFileReference; lastKnownFileType = text.plist.xml; path = Info.plist; sourceTree = "<group>"; };
/* End PBXFileReference section */

/* Begin PBXFrameworksBuildPhase section */
		ED9D261022CBF8C20031EE2B /* Frameworks */ = {
			isa = PBXFrameworksBuildPhase;
			buildActionMask = 2147483647;
			files = (
				8AC0CC9FF0D0B4B29C68DC69 /* Pods_CollectApp.framework in Frameworks */,
			);
			runOnlyForDeploymentPostprocessing = 0;
		};
		ED9D262422CBF8C40031EE2B /* Frameworks */ = {
			isa = PBXFrameworksBuildPhase;
			buildActionMask = 2147483647;
			files = (
			);
			runOnlyForDeploymentPostprocessing = 0;
		};
		ED9D262F22CBF8C50031EE2B /* Frameworks */ = {
			isa = PBXFrameworksBuildPhase;
			buildActionMask = 2147483647;
			files = (
			);
			runOnlyForDeploymentPostprocessing = 0;
		};
/* End PBXFrameworksBuildPhase section */

/* Begin PBXGroup section */
		733BD95B45FE311CE20A29A6 /* Pods */ = {
			isa = PBXGroup;
			children = (
				6B72DF2B8EAD7D72D8A0C7E6 /* Pods-CollectApp.debug.xcconfig */,
				5D6C57E8884961967DF3E20D /* Pods-CollectApp.release.xcconfig */,
			);
			path = Pods;
			sourceTree = "<group>";
		};
		DB0085167806D60A35D645E3 /* Frameworks */ = {
			isa = PBXGroup;
			children = (
				AA86970B8029086C4F1472DE /* Pods_CollectApp.framework */,
			);
			name = Frameworks;
			sourceTree = "<group>";
		};
		ED9D260A22CBF8C20031EE2B = {
			isa = PBXGroup;
			children = (
				ED9D261522CBF8C20031EE2B /* CollectApp */,
				ED9D262A22CBF8C40031EE2B /* CollectAppTests */,
				ED9D263522CBF8C50031EE2B /* CollectAppUITests */,
				ED9D261422CBF8C20031EE2B /* Products */,
				733BD95B45FE311CE20A29A6 /* Pods */,
				DB0085167806D60A35D645E3 /* Frameworks */,
			);
			sourceTree = "<group>";
		};
		ED9D261422CBF8C20031EE2B /* Products */ = {
			isa = PBXGroup;
			children = (
				ED9D261322CBF8C20031EE2B /* CollectApp.app */,
				ED9D262722CBF8C40031EE2B /* CollectAppTests.xctest */,
				ED9D263222CBF8C50031EE2B /* CollectAppUITests.xctest */,
			);
			name = Products;
			sourceTree = "<group>";
		};
		ED9D261522CBF8C20031EE2B /* CollectApp */ = {
			isa = PBXGroup;
			children = (
				ED9D261622CBF8C20031EE2B /* AppDelegate.swift */,
				ED9D261822CBF8C20031EE2B /* ViewController.swift */,
				ED9D261A22CBF8C20031EE2B /* Main.storyboard */,
				1560D2F322D724930022C4EA /* ReceiptItem.swift */,
				1560D2F122D723FB0022C4EA /* ItemTableView.swift */,
				ED9D261D22CBF8C40031EE2B /* Assets.xcassets */,
				ED9D261F22CBF8C40031EE2B /* LaunchScreen.storyboard */,
				ED9D262222CBF8C40031EE2B /* Info.plist */,
				1560D2F522D729550022C4EA /* ItemTableCell.swift */,
				15E9EAC722DCDD2E00A66E59 /* DebtsView.swift */,
				1514286B22D7AC8B004E7083 /* MultiSelectSegmentedControl.swift */,
			);
			path = CollectApp;
			sourceTree = "<group>";
		};
		ED9D262A22CBF8C40031EE2B /* CollectAppTests */ = {
			isa = PBXGroup;
			children = (
				ED9D262B22CBF8C40031EE2B /* CollectAppTests.swift */,
				ED9D262D22CBF8C40031EE2B /* Info.plist */,
			);
			path = CollectAppTests;
			sourceTree = "<group>";
		};
		ED9D263522CBF8C50031EE2B /* CollectAppUITests */ = {
			isa = PBXGroup;
			children = (
				ED9D263622CBF8C50031EE2B /* CollectAppUITests.swift */,
				ED9D263822CBF8C50031EE2B /* Info.plist */,
			);
			path = CollectAppUITests;
			sourceTree = "<group>";
		};
/* End PBXGroup section */

/* Begin PBXNativeTarget section */
		ED9D261222CBF8C20031EE2B /* CollectApp */ = {
			isa = PBXNativeTarget;
			buildConfigurationList = ED9D263B22CBF8C50031EE2B /* Build configuration list for PBXNativeTarget "CollectApp" */;
			buildPhases = (
				84445D591C8BFC1C79D856E4 /* [CP] Check Pods Manifest.lock */,
				ED9D260F22CBF8C20031EE2B /* Sources */,
				ED9D261022CBF8C20031EE2B /* Frameworks */,
				ED9D261122CBF8C20031EE2B /* Resources */,
				AEE33C25BA4A557C9F5DABE2 /* [CP] Embed Pods Frameworks */,
			);
			buildRules = (
			);
			dependencies = (
			);
			name = CollectApp;
			productName = CollectApp;
			productReference = ED9D261322CBF8C20031EE2B /* CollectApp.app */;
			productType = "com.apple.product-type.application";
		};
		ED9D262622CBF8C40031EE2B /* CollectAppTests */ = {
			isa = PBXNativeTarget;
			buildConfigurationList = ED9D263E22CBF8C50031EE2B /* Build configuration list for PBXNativeTarget "CollectAppTests" */;
			buildPhases = (
				ED9D262322CBF8C40031EE2B /* Sources */,
				ED9D262422CBF8C40031EE2B /* Frameworks */,
				ED9D262522CBF8C40031EE2B /* Resources */,
			);
			buildRules = (
			);
			dependencies = (
				ED9D262922CBF8C40031EE2B /* PBXTargetDependency */,
			);
			name = CollectAppTests;
			productName = CollectAppTests;
			productReference = ED9D262722CBF8C40031EE2B /* CollectAppTests.xctest */;
			productType = "com.apple.product-type.bundle.unit-test";
		};
		ED9D263122CBF8C50031EE2B /* CollectAppUITests */ = {
			isa = PBXNativeTarget;
			buildConfigurationList = ED9D264122CBF8C50031EE2B /* Build configuration list for PBXNativeTarget "CollectAppUITests" */;
			buildPhases = (
				ED9D262E22CBF8C50031EE2B /* Sources */,
				ED9D262F22CBF8C50031EE2B /* Frameworks */,
				ED9D263022CBF8C50031EE2B /* Resources */,
			);
			buildRules = (
			);
			dependencies = (
				ED9D263422CBF8C50031EE2B /* PBXTargetDependency */,
			);
			name = CollectAppUITests;
			productName = CollectAppUITests;
			productReference = ED9D263222CBF8C50031EE2B /* CollectAppUITests.xctest */;
			productType = "com.apple.product-type.bundle.ui-testing";
		};
/* End PBXNativeTarget section */

/* Begin PBXProject section */
		ED9D260B22CBF8C20031EE2B /* Project object */ = {
			isa = PBXProject;
			attributes = {
				LastSwiftUpdateCheck = 1010;
				LastUpgradeCheck = 1010;
				ORGANIZATIONNAME = "The Collective";
				TargetAttributes = {
					ED9D261222CBF8C20031EE2B = {
						CreatedOnToolsVersion = 10.1;
					};
					ED9D262622CBF8C40031EE2B = {
						CreatedOnToolsVersion = 10.1;
						TestTargetID = ED9D261222CBF8C20031EE2B;
					};
					ED9D263122CBF8C50031EE2B = {
						CreatedOnToolsVersion = 10.1;
						TestTargetID = ED9D261222CBF8C20031EE2B;
					};
				};
			};
			buildConfigurationList = ED9D260E22CBF8C20031EE2B /* Build configuration list for PBXProject "CollectApp" */;
			compatibilityVersion = "Xcode 9.3";
			developmentRegion = en;
			hasScannedForEncodings = 0;
			knownRegions = (
				en,
				Base,
			);
			mainGroup = ED9D260A22CBF8C20031EE2B;
			productRefGroup = ED9D261422CBF8C20031EE2B /* Products */;
			projectDirPath = "";
			projectRoot = "";
			targets = (
				ED9D261222CBF8C20031EE2B /* CollectApp */,
				ED9D262622CBF8C40031EE2B /* CollectAppTests */,
				ED9D263122CBF8C50031EE2B /* CollectAppUITests */,
			);
		};
/* End PBXProject section */

/* Begin PBXResourcesBuildPhase section */
		ED9D261122CBF8C20031EE2B /* Resources */ = {
			isa = PBXResourcesBuildPhase;
			buildActionMask = 2147483647;
			files = (
				ED9D262122CBF8C40031EE2B /* LaunchScreen.storyboard in Resources */,
				ED9D261E22CBF8C40031EE2B /* Assets.xcassets in Resources */,
				ED9D261C22CBF8C20031EE2B /* Main.storyboard in Resources */,
			);
			runOnlyForDeploymentPostprocessing = 0;
		};
		ED9D262522CBF8C40031EE2B /* Resources */ = {
			isa = PBXResourcesBuildPhase;
			buildActionMask = 2147483647;
			files = (
			);
			runOnlyForDeploymentPostprocessing = 0;
		};
		ED9D263022CBF8C50031EE2B /* Resources */ = {
			isa = PBXResourcesBuildPhase;
			buildActionMask = 2147483647;
			files = (
			);
			runOnlyForDeploymentPostprocessing = 0;
		};
/* End PBXResourcesBuildPhase section */

/* Begin PBXShellScriptBuildPhase section */
		84445D591C8BFC1C79D856E4 /* [CP] Check Pods Manifest.lock */ = {
			isa = PBXShellScriptBuildPhase;
			buildActionMask = 2147483647;
			files = (
			);
			inputFileListPaths = (
			);
			inputPaths = (
				"${PODS_PODFILE_DIR_PATH}/Podfile.lock",
				"${PODS_ROOT}/Manifest.lock",
			);
			name = "[CP] Check Pods Manifest.lock";
			outputFileListPaths = (
			);
			outputPaths = (
				"$(DERIVED_FILE_DIR)/Pods-CollectApp-checkManifestLockResult.txt",
			);
			runOnlyForDeploymentPostprocessing = 0;
			shellPath = /bin/sh;
			shellScript = "diff \"${PODS_PODFILE_DIR_PATH}/Podfile.lock\" \"${PODS_ROOT}/Manifest.lock\" > /dev/null\nif [ $? != 0 ] ; then\n    # print error to STDERR\n    echo \"error: The sandbox is not in sync with the Podfile.lock. Run 'pod install' or update your CocoaPods installation.\" >&2\n    exit 1\nfi\n# This output is used by Xcode 'outputs' to avoid re-running this script phase.\necho \"SUCCESS\" > \"${SCRIPT_OUTPUT_FILE_0}\"\n";
			showEnvVarsInLog = 0;
		};
		AEE33C25BA4A557C9F5DABE2 /* [CP] Embed Pods Frameworks */ = {
			isa = PBXShellScriptBuildPhase;
			buildActionMask = 2147483647;
			files = (
			);
			inputFileListPaths = (
				"${PODS_ROOT}/Target Support Files/Pods-CollectApp/Pods-CollectApp-frameworks-${CONFIGURATION}-input-files.xcfilelist",
			);
			name = "[CP] Embed Pods Frameworks";
			outputFileListPaths = (
				"${PODS_ROOT}/Target Support Files/Pods-CollectApp/Pods-CollectApp-frameworks-${CONFIGURATION}-output-files.xcfilelist",
			);
			runOnlyForDeploymentPostprocessing = 0;
			shellPath = /bin/sh;
			shellScript = "\"${PODS_ROOT}/Target Support Files/Pods-CollectApp/Pods-CollectApp-frameworks.sh\"\n";
			showEnvVarsInLog = 0;
		};
/* End PBXShellScriptBuildPhase section */

/* Begin PBXSourcesBuildPhase section */
		ED9D260F22CBF8C20031EE2B /* Sources */ = {
			isa = PBXSourcesBuildPhase;
			buildActionMask = 2147483647;
			files = (
				1560D2F422D724930022C4EA /* ReceiptItem.swift in Sources */,
				1560D2F622D729550022C4EA /* ItemTableCell.swift in Sources */,
				1560D2F222D723FB0022C4EA /* ItemTableView.swift in Sources */,
				ED9D261922CBF8C20031EE2B /* ViewController.swift in Sources */,
				1514286C22D7AC8B004E7083 /* MultiSelectSegmentedControl.swift in Sources */,
				15E9EAC822DCDD2E00A66E59 /* DebtsView.swift in Sources */,
				ED9D261722CBF8C20031EE2B /* AppDelegate.swift in Sources */,
			);
			runOnlyForDeploymentPostprocessing = 0;
		};
		ED9D262322CBF8C40031EE2B /* Sources */ = {
			isa = PBXSourcesBuildPhase;
			buildActionMask = 2147483647;
			files = (
				ED9D262C22CBF8C40031EE2B /* CollectAppTests.swift in Sources */,
			);
			runOnlyForDeploymentPostprocessing = 0;
		};
		ED9D262E22CBF8C50031EE2B /* Sources */ = {
			isa = PBXSourcesBuildPhase;
			buildActionMask = 2147483647;
			files = (
				ED9D263722CBF8C50031EE2B /* CollectAppUITests.swift in Sources */,
			);
			runOnlyForDeploymentPostprocessing = 0;
		};
/* End PBXSourcesBuildPhase section */

/* Begin PBXTargetDependency section */
		ED9D262922CBF8C40031EE2B /* PBXTargetDependency */ = {
			isa = PBXTargetDependency;
			target = ED9D261222CBF8C20031EE2B /* CollectApp */;
			targetProxy = ED9D262822CBF8C40031EE2B /* PBXContainerItemProxy */;
		};
		ED9D263422CBF8C50031EE2B /* PBXTargetDependency */ = {
			isa = PBXTargetDependency;
			target = ED9D261222CBF8C20031EE2B /* CollectApp */;
			targetProxy = ED9D263322CBF8C50031EE2B /* PBXContainerItemProxy */;
		};
/* End PBXTargetDependency section */

/* Begin PBXVariantGroup section */
		ED9D261A22CBF8C20031EE2B /* Main.storyboard */ = {
			isa = PBXVariantGroup;
			children = (
				ED9D261B22CBF8C20031EE2B /* Base */,
			);
			name = Main.storyboard;
			sourceTree = "<group>";
		};
		ED9D261F22CBF8C40031EE2B /* LaunchScreen.storyboard */ = {
			isa = PBXVariantGroup;
			children = (
				ED9D262022CBF8C40031EE2B /* Base */,
			);
			name = LaunchScreen.storyboard;
			sourceTree = "<group>";
		};
/* End PBXVariantGroup section */

/* Begin XCBuildConfiguration section */
		ED9D263922CBF8C50031EE2B /* Debug */ = {
			isa = XCBuildConfiguration;
			buildSettings = {
				ALWAYS_SEARCH_USER_PATHS = NO;
				CLANG_ANALYZER_NONNULL = YES;
				CLANG_ANALYZER_NUMBER_OBJECT_CONVERSION = YES_AGGRESSIVE;
				CLANG_CXX_LANGUAGE_STANDARD = "gnu++14";
				CLANG_CXX_LIBRARY = "libc++";
				CLANG_ENABLE_MODULES = YES;
				CLANG_ENABLE_OBJC_ARC = YES;
				CLANG_ENABLE_OBJC_WEAK = YES;
				CLANG_WARN_BLOCK_CAPTURE_AUTORELEASING = YES;
				CLANG_WARN_BOOL_CONVERSION = YES;
				CLANG_WARN_COMMA = YES;
				CLANG_WARN_CONSTANT_CONVERSION = YES;
				CLANG_WARN_DEPRECATED_OBJC_IMPLEMENTATIONS = YES;
				CLANG_WARN_DIRECT_OBJC_ISA_USAGE = YES_ERROR;
				CLANG_WARN_DOCUMENTATION_COMMENTS = YES;
				CLANG_WARN_EMPTY_BODY = YES;
				CLANG_WARN_ENUM_CONVERSION = YES;
				CLANG_WARN_INFINITE_RECURSION = YES;
				CLANG_WARN_INT_CONVERSION = YES;
				CLANG_WARN_NON_LITERAL_NULL_CONVERSION = YES;
				CLANG_WARN_OBJC_IMPLICIT_RETAIN_SELF = YES;
				CLANG_WARN_OBJC_LITERAL_CONVERSION = YES;
				CLANG_WARN_OBJC_ROOT_CLASS = YES_ERROR;
				CLANG_WARN_RANGE_LOOP_ANALYSIS = YES;
				CLANG_WARN_STRICT_PROTOTYPES = YES;
				CLANG_WARN_SUSPICIOUS_MOVE = YES;
				CLANG_WARN_UNGUARDED_AVAILABILITY = YES_AGGRESSIVE;
				CLANG_WARN_UNREACHABLE_CODE = YES;
				CLANG_WARN__DUPLICATE_METHOD_MATCH = YES;
				CODE_SIGN_IDENTITY = "iPhone Developer";
				COPY_PHASE_STRIP = NO;
				DEBUG_INFORMATION_FORMAT = dwarf;
				ENABLE_STRICT_OBJC_MSGSEND = YES;
				ENABLE_TESTABILITY = YES;
				GCC_C_LANGUAGE_STANDARD = gnu11;
				GCC_DYNAMIC_NO_PIC = NO;
				GCC_NO_COMMON_BLOCKS = YES;
				GCC_OPTIMIZATION_LEVEL = 0;
				GCC_PREPROCESSOR_DEFINITIONS = (
					"DEBUG=1",
					"$(inherited)",
				);
				GCC_WARN_64_TO_32_BIT_CONVERSION = YES;
				GCC_WARN_ABOUT_RETURN_TYPE = YES_ERROR;
				GCC_WARN_UNDECLARED_SELECTOR = YES;
				GCC_WARN_UNINITIALIZED_AUTOS = YES_AGGRESSIVE;
				GCC_WARN_UNUSED_FUNCTION = YES;
				GCC_WARN_UNUSED_VARIABLE = YES;
				IPHONEOS_DEPLOYMENT_TARGET = 12.1;
				MTL_ENABLE_DEBUG_INFO = INCLUDE_SOURCE;
				MTL_FAST_MATH = YES;
				ONLY_ACTIVE_ARCH = YES;
				SDKROOT = iphoneos;
				SWIFT_ACTIVE_COMPILATION_CONDITIONS = DEBUG;
				SWIFT_OPTIMIZATION_LEVEL = "-Onone";
			};
			name = Debug;
		};
		ED9D263A22CBF8C50031EE2B /* Release */ = {
			isa = XCBuildConfiguration;
			buildSettings = {
				ALWAYS_SEARCH_USER_PATHS = NO;
				CLANG_ANALYZER_NONNULL = YES;
				CLANG_ANALYZER_NUMBER_OBJECT_CONVERSION = YES_AGGRESSIVE;
				CLANG_CXX_LANGUAGE_STANDARD = "gnu++14";
				CLANG_CXX_LIBRARY = "libc++";
				CLANG_ENABLE_MODULES = YES;
				CLANG_ENABLE_OBJC_ARC = YES;
				CLANG_ENABLE_OBJC_WEAK = YES;
				CLANG_WARN_BLOCK_CAPTURE_AUTORELEASING = YES;
				CLANG_WARN_BOOL_CONVERSION = YES;
				CLANG_WARN_COMMA = YES;
				CLANG_WARN_CONSTANT_CONVERSION = YES;
				CLANG_WARN_DEPRECATED_OBJC_IMPLEMENTATIONS = YES;
				CLANG_WARN_DIRECT_OBJC_ISA_USAGE = YES_ERROR;
				CLANG_WARN_DOCUMENTATION_COMMENTS = YES;
				CLANG_WARN_EMPTY_BODY = YES;
				CLANG_WARN_ENUM_CONVERSION = YES;
				CLANG_WARN_INFINITE_RECURSION = YES;
				CLANG_WARN_INT_CONVERSION = YES;
				CLANG_WARN_NON_LITERAL_NULL_CONVERSION = YES;
				CLANG_WARN_OBJC_IMPLICIT_RETAIN_SELF = YES;
				CLANG_WARN_OBJC_LITERAL_CONVERSION = YES;
				CLANG_WARN_OBJC_ROOT_CLASS = YES_ERROR;
				CLANG_WARN_RANGE_LOOP_ANALYSIS = YES;
				CLANG_WARN_STRICT_PROTOTYPES = YES;
				CLANG_WARN_SUSPICIOUS_MOVE = YES;
				CLANG_WARN_UNGUARDED_AVAILABILITY = YES_AGGRESSIVE;
				CLANG_WARN_UNREACHABLE_CODE = YES;
				CLANG_WARN__DUPLICATE_METHOD_MATCH = YES;
				CODE_SIGN_IDENTITY = "iPhone Developer";
				COPY_PHASE_STRIP = NO;
				DEBUG_INFORMATION_FORMAT = "dwarf-with-dsym";
				ENABLE_NS_ASSERTIONS = NO;
				ENABLE_STRICT_OBJC_MSGSEND = YES;
				GCC_C_LANGUAGE_STANDARD = gnu11;
				GCC_NO_COMMON_BLOCKS = YES;
				GCC_WARN_64_TO_32_BIT_CONVERSION = YES;
				GCC_WARN_ABOUT_RETURN_TYPE = YES_ERROR;
				GCC_WARN_UNDECLARED_SELECTOR = YES;
				GCC_WARN_UNINITIALIZED_AUTOS = YES_AGGRESSIVE;
				GCC_WARN_UNUSED_FUNCTION = YES;
				GCC_WARN_UNUSED_VARIABLE = YES;
				IPHONEOS_DEPLOYMENT_TARGET = 12.1;
				MTL_ENABLE_DEBUG_INFO = NO;
				MTL_FAST_MATH = YES;
				SDKROOT = iphoneos;
				SWIFT_COMPILATION_MODE = wholemodule;
				SWIFT_OPTIMIZATION_LEVEL = "-O";
				VALIDATE_PRODUCT = YES;
			};
			name = Release;
		};
		ED9D263C22CBF8C50031EE2B /* Debug */ = {
			isa = XCBuildConfiguration;
			baseConfigurationReference = 6B72DF2B8EAD7D72D8A0C7E6 /* Pods-CollectApp.debug.xcconfig */;
			buildSettings = {
				ASSETCATALOG_COMPILER_APPICON_NAME = AppIcon;
				CODE_SIGN_STYLE = Automatic;
				DEVELOPMENT_TEAM = D3VLB6R56X;
				INFOPLIST_FILE = CollectApp/Info.plist;
				LD_RUNPATH_SEARCH_PATHS = (
					"$(inherited)",
					"@executable_path/Frameworks",
				);
				PRODUCT_BUNDLE_IDENTIFIER = CS115;
				PRODUCT_NAME = "$(TARGET_NAME)";
				SWIFT_VERSION = 4.2;
				TARGETED_DEVICE_FAMILY = "1,2";
			};
			name = Debug;
		};
		ED9D263D22CBF8C50031EE2B /* Release */ = {
			isa = XCBuildConfiguration;
			baseConfigurationReference = 5D6C57E8884961967DF3E20D /* Pods-CollectApp.release.xcconfig */;
			buildSettings = {
				ASSETCATALOG_COMPILER_APPICON_NAME = AppIcon;
				CODE_SIGN_STYLE = Automatic;
				DEVELOPMENT_TEAM = D3VLB6R56X;
				INFOPLIST_FILE = CollectApp/Info.plist;
				LD_RUNPATH_SEARCH_PATHS = (
					"$(inherited)",
					"@executable_path/Frameworks",
				);
				PRODUCT_BUNDLE_IDENTIFIER = CS115;
				PRODUCT_NAME = "$(TARGET_NAME)";
				SWIFT_VERSION = 4.2;
				TARGETED_DEVICE_FAMILY = "1,2";
			};
			name = Release;
		};
		ED9D263F22CBF8C50031EE2B /* Debug */ = {
			isa = XCBuildConfiguration;
			buildSettings = {
				ALWAYS_EMBED_SWIFT_STANDARD_LIBRARIES = YES;
				BUNDLE_LOADER = "$(TEST_HOST)";
				CODE_SIGN_STYLE = Automatic;
				INFOPLIST_FILE = CollectAppTests/Info.plist;
				LD_RUNPATH_SEARCH_PATHS = (
					"$(inherited)",
					"@executable_path/Frameworks",
					"@loader_path/Frameworks",
				);
				PRODUCT_BUNDLE_IDENTIFIER = CS115.CollectAppTests;
				PRODUCT_NAME = "$(TARGET_NAME)";
				SWIFT_VERSION = 4.2;
				TARGETED_DEVICE_FAMILY = "1,2";
				TEST_HOST = "$(BUILT_PRODUCTS_DIR)/CollectApp.app/CollectApp";
			};
			name = Debug;
		};
		ED9D264022CBF8C50031EE2B /* Release */ = {
			isa = XCBuildConfiguration;
			buildSettings = {
				ALWAYS_EMBED_SWIFT_STANDARD_LIBRARIES = YES;
				BUNDLE_LOADER = "$(TEST_HOST)";
				CODE_SIGN_STYLE = Automatic;
				INFOPLIST_FILE = CollectAppTests/Info.plist;
				LD_RUNPATH_SEARCH_PATHS = (
					"$(inherited)",
					"@executable_path/Frameworks",
					"@loader_path/Frameworks",
				);
				PRODUCT_BUNDLE_IDENTIFIER = CS115.CollectAppTests;
				PRODUCT_NAME = "$(TARGET_NAME)";
				SWIFT_VERSION = 4.2;
				TARGETED_DEVICE_FAMILY = "1,2";
				TEST_HOST = "$(BUILT_PRODUCTS_DIR)/CollectApp.app/CollectApp";
			};
			name = Release;
		};
		ED9D264222CBF8C50031EE2B /* Debug */ = {
			isa = XCBuildConfiguration;
			buildSettings = {
				ALWAYS_EMBED_SWIFT_STANDARD_LIBRARIES = YES;
				CODE_SIGN_STYLE = Automatic;
				INFOPLIST_FILE = CollectAppUITests/Info.plist;
				LD_RUNPATH_SEARCH_PATHS = (
					"$(inherited)",
					"@executable_path/Frameworks",
					"@loader_path/Frameworks",
				);
				PRODUCT_BUNDLE_IDENTIFIER = CS115.CollectAppUITests;
				PRODUCT_NAME = "$(TARGET_NAME)";
				SWIFT_VERSION = 4.2;
				TARGETED_DEVICE_FAMILY = "1,2";
				TEST_TARGET_NAME = CollectApp;
			};
			name = Debug;
		};
		ED9D264322CBF8C50031EE2B /* Release */ = {
			isa = XCBuildConfiguration;
			buildSettings = {
				ALWAYS_EMBED_SWIFT_STANDARD_LIBRARIES = YES;
				CODE_SIGN_STYLE = Automatic;
				INFOPLIST_FILE = CollectAppUITests/Info.plist;
				LD_RUNPATH_SEARCH_PATHS = (
					"$(inherited)",
					"@executable_path/Frameworks",
					"@loader_path/Frameworks",
				);
				PRODUCT_BUNDLE_IDENTIFIER = CS115.CollectAppUITests;
				PRODUCT_NAME = "$(TARGET_NAME)";
				SWIFT_VERSION = 4.2;
				TARGETED_DEVICE_FAMILY = "1,2";
				TEST_TARGET_NAME = CollectApp;
			};
			name = Release;
		};
/* End XCBuildConfiguration section */

/* Begin XCConfigurationList section */
		ED9D260E22CBF8C20031EE2B /* Build configuration list for PBXProject "CollectApp" */ = {
			isa = XCConfigurationList;
			buildConfigurations = (
				ED9D263922CBF8C50031EE2B /* Debug */,
				ED9D263A22CBF8C50031EE2B /* Release */,
			);
			defaultConfigurationIsVisible = 0;
			defaultConfigurationName = Release;
		};
		ED9D263B22CBF8C50031EE2B /* Build configuration list for PBXNativeTarget "CollectApp" */ = {
			isa = XCConfigurationList;
			buildConfigurations = (
				ED9D263C22CBF8C50031EE2B /* Debug */,
				ED9D263D22CBF8C50031EE2B /* Release */,
			);
			defaultConfigurationIsVisible = 0;
			defaultConfigurationName = Release;
		};
		ED9D263E22CBF8C50031EE2B /* Build configuration list for PBXNativeTarget "CollectAppTests" */ = {
			isa = XCConfigurationList;
			buildConfigurations = (
				ED9D263F22CBF8C50031EE2B /* Debug */,
				ED9D264022CBF8C50031EE2B /* Release */,
			);
			defaultConfigurationIsVisible = 0;
			defaultConfigurationName = Release;
		};
		ED9D264122CBF8C50031EE2B /* Build configuration list for PBXNativeTarget "CollectAppUITests" */ = {
			isa = XCConfigurationList;
			buildConfigurations = (
				ED9D264222CBF8C50031EE2B /* Debug */,
				ED9D264322CBF8C50031EE2B /* Release */,
			);
			defaultConfigurationIsVisible = 0;
			defaultConfigurationName = Release;
		};
/* End XCConfigurationList section */
	};
	rootObject = ED9D260B22CBF8C20031EE2B /* Project object */;
}
