PODS:
  - Alamofire (5.0.0-beta.6)

DEPENDENCIES:
  - Alamofire (~> 5.0.0-beta.5)

SPEC REPOS:
  https://github.com/cocoapods/specs.git:
    - Alamofire

SPEC CHECKSUMS:
  Alamofire: cd08a4402bd12cacd0c66f23fb12fec8d6b965e4

PODFILE CHECKSUM: 967f5567573d51eba91fcb0204cac4f32e901055

COCOAPODS: 1.7.3
